// !$*UTF8*$!
{
	archiveVersion = 1;
	classes = {
	};
	objectVersion = 48;
	objects = {

/* Begin PBXBuildFile section */
		4F481A902117F1EC009B701F /* UIColor+Extension.m in Sources */ = {isa = PBXBuildFile; fileRef = 4F481A8F2117F1EC009B701F /* UIColor+Extension.m */; };
		4F481A9E21182A87009B701F /* QZAccountTableView.m in Sources */ = {isa = PBXBuildFile; fileRef = 4F481A9D21182A87009B701F /* QZAccountTableView.m */; };
		4F481AA121182E43009B701F /* QZAccountHeaderView.m in Sources */ = {isa = PBXBuildFile; fileRef = 4F481AA021182E43009B701F /* QZAccountHeaderView.m */; };
		4F481AA721183E26009B701F /* QZPublishNaviTopView.m in Sources */ = {isa = PBXBuildFile; fileRef = 4F481AA621183E26009B701F /* QZPublishNaviTopView.m */; };
		4F481AAA21184FA4009B701F /* QZPublishInputView.m in Sources */ = {isa = PBXBuildFile; fileRef = 4F481AA921184FA4009B701F /* QZPublishInputView.m */; };
		4F481AAD211855FE009B701F /* QZPublishInputCollectionCell.m in Sources */ = {isa = PBXBuildFile; fileRef = 4F481AAC211855FE009B701F /* QZPublishInputCollectionCell.m */; };
		5673CE08779EEB6F693863AD /* libPods-jizhang.a in Frameworks */ = {isa = PBXBuildFile; fileRef = 0E7EC982F881B5D8CF57FD4D /* libPods-jizhang.a */; };
		662F27122118719C0059E09D /* QZWidgetTool.m in Sources */ = {isa = PBXBuildFile; fileRef = 662F27112118719C0059E09D /* QZWidgetTool.m */; };
		662F2722211873CA0059E09D /* BaseNetService.m in Sources */ = {isa = PBXBuildFile; fileRef = 662F2721211873CA0059E09D /* BaseNetService.m */; };
		662F2723211932A20059E09D /* QZChartView.h in Sources */ = {isa = PBXBuildFile; fileRef = 4F481A8B2117F090009B701F /* QZChartView.h */; };
		662F2724211932A20059E09D /* QZChartView.m in Sources */ = {isa = PBXBuildFile; fileRef = 4F481A8C2117F090009B701F /* QZChartView.m */; };
		662F2725211932A20059E09D /* QZNaviTopView.h in Sources */ = {isa = PBXBuildFile; fileRef = 4F481A962118158E009B701F /* QZNaviTopView.h */; };
		662F2726211932A20059E09D /* QZNaviTopView.m in Sources */ = {isa = PBXBuildFile; fileRef = 4F481A972118158E009B701F /* QZNaviTopView.m */; };
		662F272921193E5D0059E09D /* UIViewController+HUD.m in Sources */ = {isa = PBXBuildFile; fileRef = 662F272821193E5D0059E09D /* UIViewController+HUD.m */; };
		662F272C21193F950059E09D /* NSObject+HUD.m in Sources */ = {isa = PBXBuildFile; fileRef = 662F272A21193F940059E09D /* NSObject+HUD.m */; };
		662F272F2119732C0059E09D /* QZBillPickView.m in Sources */ = {isa = PBXBuildFile; fileRef = 662F272E2119732C0059E09D /* QZBillPickView.m */; };
		668F3B132119AB4F009A9263 /* NSString+RegexCategory.m in Sources */ = {isa = PBXBuildFile; fileRef = 668F3B122119AB4F009A9263 /* NSString+RegexCategory.m */; };
		669F9DA42112F19700ADC556 /* QZMineTopHead.m in Sources */ = {isa = PBXBuildFile; fileRef = 669F9DA32112F19700ADC556 /* QZMineTopHead.m */; };
		669F9DA82112FE3000ADC556 /* QZJiZhangSettingController.m in Sources */ = {isa = PBXBuildFile; fileRef = 669F9DA72112FE3000ADC556 /* QZJiZhangSettingController.m */; };
		669F9DAB2112FE4D00ADC556 /* QZYuSuanSettingController.m in Sources */ = {isa = PBXBuildFile; fileRef = 669F9DAA2112FE4D00ADC556 /* QZYuSuanSettingController.m */; };
		669F9DF02114237D00ADC556 /* QZMineBottomCell.m in Sources */ = {isa = PBXBuildFile; fileRef = 669F9DEF2114237D00ADC556 /* QZMineBottomCell.m */; };
		669F9DF32114340F00ADC556 /* UITableView+emptyData.m in Sources */ = {isa = PBXBuildFile; fileRef = 669F9DF22114340F00ADC556 /* UITableView+emptyData.m */; };
		669F9DF6211447B100ADC556 /* QZJiZhangSettingCell.m in Sources */ = {isa = PBXBuildFile; fileRef = 669F9DF5211447B100ADC556 /* QZJiZhangSettingCell.m */; };
		669F9DFA21145FC600ADC556 /* QZPickView.m in Sources */ = {isa = PBXBuildFile; fileRef = 669F9DF921145FC600ADC556 /* QZPickView.m */; };
		669F9E072117F96800ADC556 /* QZBillTopHead.m in Sources */ = {isa = PBXBuildFile; fileRef = 669F9E062117F96800ADC556 /* QZBillTopHead.m */; };
		669F9E4E2118359B00ADC556 /* QZBillBottomCell.m in Sources */ = {isa = PBXBuildFile; fileRef = 669F9E4D2118359B00ADC556 /* QZBillBottomCell.m */; };
		669F9E9D21185A1300ADC556 /* QZBillModel.m in Sources */ = {isa = PBXBuildFile; fileRef = 669F9E9C21185A1300ADC556 /* QZBillModel.m */; };
		66CD26A921104401000283AD /* AppDelegate.m in Sources */ = {isa = PBXBuildFile; fileRef = 66CD26A821104401000283AD /* AppDelegate.m */; };
		66CD26AF21104401000283AD /* Main.storyboard in Resources */ = {isa = PBXBuildFile; fileRef = 66CD26AD21104401000283AD /* Main.storyboard */; };
		66CD26B121104406000283AD /* Assets.xcassets in Resources */ = {isa = PBXBuildFile; fileRef = 66CD26B021104406000283AD /* Assets.xcassets */; };
		66CD26B421104406000283AD /* LaunchScreen.storyboard in Resources */ = {isa = PBXBuildFile; fileRef = 66CD26B221104406000283AD /* LaunchScreen.storyboard */; };
		66CD26B721104406000283AD /* main.m in Sources */ = {isa = PBXBuildFile; fileRef = 66CD26B621104406000283AD /* main.m */; };
		66CD26C121104406000283AD /* jizhangTests.m in Sources */ = {isa = PBXBuildFile; fileRef = 66CD26C021104406000283AD /* jizhangTests.m */; };
		66CD26CC21104406000283AD /* jizhangUITests.m in Sources */ = {isa = PBXBuildFile; fileRef = 66CD26CB21104406000283AD /* jizhangUITests.m */; };
		66CD26E121104580000283AD /* MainTabBarViewController.m in Sources */ = {isa = PBXBuildFile; fileRef = 66CD26E021104580000283AD /* MainTabBarViewController.m */; };
		66CD26E4211048A3000283AD /* MainTabBar.m in Sources */ = {isa = PBXBuildFile; fileRef = 66CD26E3211048A3000283AD /* MainTabBar.m */; };
		66CD26E821104E52000283AD /* UIView+Extension.m in Sources */ = {isa = PBXBuildFile; fileRef = 66CD26E721104E52000283AD /* UIView+Extension.m */; };
		66CD26EB21105444000283AD /* QZBillViewController.m in Sources */ = {isa = PBXBuildFile; fileRef = 66CD26EA21105444000283AD /* QZBillViewController.m */; };
		66CD26EE21105463000283AD /* QZChartViewController.m in Sources */ = {isa = PBXBuildFile; fileRef = 66CD26ED21105463000283AD /* QZChartViewController.m */; };
		66CD26F121105575000283AD /* QZPublishViewController.m in Sources */ = {isa = PBXBuildFile; fileRef = 66CD26F021105575000283AD /* QZPublishViewController.m */; };
		66CD2735211069FA000283AD /* QZFlowViewController.m in Sources */ = {isa = PBXBuildFile; fileRef = 66CD2734211069F9000283AD /* QZFlowViewController.m */; };
		66CD273821106A07000283AD /* QZMineViewController.m in Sources */ = {isa = PBXBuildFile; fileRef = 66CD273721106A07000283AD /* QZMineViewController.m */; };
		66CD273F21115F77000283AD /* QZBaseNavigationController.m in Sources */ = {isa = PBXBuildFile; fileRef = 66CD273E21115F77000283AD /* QZBaseNavigationController.m */; };
		66CD2743211160F4000283AD /* QZLoginViewController.m in Sources */ = {isa = PBXBuildFile; fileRef = 66CD2742211160F4000283AD /* QZLoginViewController.m */; };
		66CD274621116102000283AD /* QZRegisterViewController.m in Sources */ = {isa = PBXBuildFile; fileRef = 66CD274521116102000283AD /* QZRegisterViewController.m */; };
		8736DF4E2110AB81007A6AD5 /* QZBaseViewController.m in Sources */ = {isa = PBXBuildFile; fileRef = 8736DF4D2110AB81007A6AD5 /* QZBaseViewController.m */; };
/* End PBXBuildFile section */

/* Begin PBXContainerItemProxy section */
		66CD26BD21104406000283AD /* PBXContainerItemProxy */ = {
			isa = PBXContainerItemProxy;
			containerPortal = 66CD269C21104401000283AD /* Project object */;
			proxyType = 1;
			remoteGlobalIDString = 66CD26A321104401000283AD;
			remoteInfo = jizhang;
		};
		66CD26C821104406000283AD /* PBXContainerItemProxy */ = {
			isa = PBXContainerItemProxy;
			containerPortal = 66CD269C21104401000283AD /* Project object */;
			proxyType = 1;
			remoteGlobalIDString = 66CD26A321104401000283AD;
			remoteInfo = jizhang;
		};
/* End PBXContainerItemProxy section */

/* Begin PBXFileReference section */
		0E7EC982F881B5D8CF57FD4D /* libPods-jizhang.a */ = {isa = PBXFileReference; explicitFileType = archive.ar; includeInIndex = 0; path = "libPods-jizhang.a"; sourceTree = BUILT_PRODUCTS_DIR; };
		4F481A8B2117F090009B701F /* QZChartView.h */ = {isa = PBXFileReference; lastKnownFileType = sourcecode.c.h; path = QZChartView.h; sourceTree = "<group>"; };
		4F481A8C2117F090009B701F /* QZChartView.m */ = {isa = PBXFileReference; lastKnownFileType = sourcecode.c.objc; path = QZChartView.m; sourceTree = "<group>"; };
		4F481A8E2117F1EC009B701F /* UIColor+Extension.h */ = {isa = PBXFileReference; fileEncoding = 4; lastKnownFileType = sourcecode.c.h; path = "UIColor+Extension.h"; sourceTree = "<group>"; };
		4F481A8F2117F1EC009B701F /* UIColor+Extension.m */ = {isa = PBXFileReference; fileEncoding = 4; lastKnownFileType = sourcecode.c.objc; path = "UIColor+Extension.m"; sourceTree = "<group>"; };
		4F481A962118158E009B701F /* QZNaviTopView.h */ = {isa = PBXFileReference; lastKnownFileType = sourcecode.c.h; path = QZNaviTopView.h; sourceTree = "<group>"; };
		4F481A972118158E009B701F /* QZNaviTopView.m */ = {isa = PBXFileReference; lastKnownFileType = sourcecode.c.objc; path = QZNaviTopView.m; sourceTree = "<group>"; };
		4F481A9C21182A87009B701F /* QZAccountTableView.h */ = {isa = PBXFileReference; lastKnownFileType = sourcecode.c.h; path = QZAccountTableView.h; sourceTree = "<group>"; };
		4F481A9D21182A87009B701F /* QZAccountTableView.m */ = {isa = PBXFileReference; lastKnownFileType = sourcecode.c.objc; path = QZAccountTableView.m; sourceTree = "<group>"; };
		4F481A9F21182E43009B701F /* QZAccountHeaderView.h */ = {isa = PBXFileReference; lastKnownFileType = sourcecode.c.h; path = QZAccountHeaderView.h; sourceTree = "<group>"; };
		4F481AA021182E43009B701F /* QZAccountHeaderView.m */ = {isa = PBXFileReference; lastKnownFileType = sourcecode.c.objc; path = QZAccountHeaderView.m; sourceTree = "<group>"; };
		4F481AA521183E26009B701F /* QZPublishNaviTopView.h */ = {isa = PBXFileReference; lastKnownFileType = sourcecode.c.h; path = QZPublishNaviTopView.h; sourceTree = "<group>"; };
		4F481AA621183E26009B701F /* QZPublishNaviTopView.m */ = {isa = PBXFileReference; lastKnownFileType = sourcecode.c.objc; path = QZPublishNaviTopView.m; sourceTree = "<group>"; };
		4F481AA821184FA4009B701F /* QZPublishInputView.h */ = {isa = PBXFileReference; lastKnownFileType = sourcecode.c.h; path = QZPublishInputView.h; sourceTree = "<group>"; };
		4F481AA921184FA4009B701F /* QZPublishInputView.m */ = {isa = PBXFileReference; lastKnownFileType = sourcecode.c.objc; path = QZPublishInputView.m; sourceTree = "<group>"; };
		4F481AAB211855FE009B701F /* QZPublishInputCollectionCell.h */ = {isa = PBXFileReference; lastKnownFileType = sourcecode.c.h; path = QZPublishInputCollectionCell.h; sourceTree = "<group>"; };
		4F481AAC211855FE009B701F /* QZPublishInputCollectionCell.m */ = {isa = PBXFileReference; lastKnownFileType = sourcecode.c.objc; path = QZPublishInputCollectionCell.m; sourceTree = "<group>"; };
		662F27102118719C0059E09D /* QZWidgetTool.h */ = {isa = PBXFileReference; fileEncoding = 4; lastKnownFileType = sourcecode.c.h; path = QZWidgetTool.h; sourceTree = "<group>"; };
		662F27112118719C0059E09D /* QZWidgetTool.m */ = {isa = PBXFileReference; fileEncoding = 4; lastKnownFileType = sourcecode.c.objc; path = QZWidgetTool.m; sourceTree = "<group>"; };
		662F2720211873CA0059E09D /* BaseNetService.h */ = {isa = PBXFileReference; fileEncoding = 4; lastKnownFileType = sourcecode.c.h; path = BaseNetService.h; sourceTree = "<group>"; };
		662F2721211873CA0059E09D /* BaseNetService.m */ = {isa = PBXFileReference; fileEncoding = 4; lastKnownFileType = sourcecode.c.objc; path = BaseNetService.m; sourceTree = "<group>"; };
		662F272721193E550059E09D /* UIViewController+HUD.h */ = {isa = PBXFileReference; fileEncoding = 4; lastKnownFileType = sourcecode.c.h; path = "UIViewController+HUD.h"; sourceTree = "<group>"; };
		662F272821193E5D0059E09D /* UIViewController+HUD.m */ = {isa = PBXFileReference; fileEncoding = 4; lastKnownFileType = sourcecode.c.objc; path = "UIViewController+HUD.m"; sourceTree = "<group>"; };
		662F272A21193F940059E09D /* NSObject+HUD.m */ = {isa = PBXFileReference; fileEncoding = 4; lastKnownFileType = sourcecode.c.objc; path = "NSObject+HUD.m"; sourceTree = "<group>"; };
		662F272B21193F940059E09D /* NSObject+HUD.h */ = {isa = PBXFileReference; fileEncoding = 4; lastKnownFileType = sourcecode.c.h; path = "NSObject+HUD.h"; sourceTree = "<group>"; };
		662F272D2119732C0059E09D /* QZBillPickView.h */ = {isa = PBXFileReference; lastKnownFileType = sourcecode.c.h; path = QZBillPickView.h; sourceTree = "<group>"; };
		662F272E2119732C0059E09D /* QZBillPickView.m */ = {isa = PBXFileReference; lastKnownFileType = sourcecode.c.objc; path = QZBillPickView.m; sourceTree = "<group>"; };
		668F3B112119AB4F009A9263 /* NSString+RegexCategory.h */ = {isa = PBXFileReference; lastKnownFileType = sourcecode.c.h; path = "NSString+RegexCategory.h"; sourceTree = "<group>"; };
		668F3B122119AB4F009A9263 /* NSString+RegexCategory.m */ = {isa = PBXFileReference; lastKnownFileType = sourcecode.c.objc; path = "NSString+RegexCategory.m"; sourceTree = "<group>"; };
		669F9DA22112F19700ADC556 /* QZMineTopHead.h */ = {isa = PBXFileReference; lastKnownFileType = sourcecode.c.h; path = QZMineTopHead.h; sourceTree = "<group>"; };
		669F9DA32112F19700ADC556 /* QZMineTopHead.m */ = {isa = PBXFileReference; lastKnownFileType = sourcecode.c.objc; path = QZMineTopHead.m; sourceTree = "<group>"; };
		669F9DA62112FE3000ADC556 /* QZJiZhangSettingController.h */ = {isa = PBXFileReference; lastKnownFileType = sourcecode.c.h; path = QZJiZhangSettingController.h; sourceTree = "<group>"; };
		669F9DA72112FE3000ADC556 /* QZJiZhangSettingController.m */ = {isa = PBXFileReference; lastKnownFileType = sourcecode.c.objc; path = QZJiZhangSettingController.m; sourceTree = "<group>"; };
		669F9DA92112FE4D00ADC556 /* QZYuSuanSettingController.h */ = {isa = PBXFileReference; lastKnownFileType = sourcecode.c.h; path = QZYuSuanSettingController.h; sourceTree = "<group>"; };
		669F9DAA2112FE4D00ADC556 /* QZYuSuanSettingController.m */ = {isa = PBXFileReference; lastKnownFileType = sourcecode.c.objc; path = QZYuSuanSettingController.m; sourceTree = "<group>"; };
		669F9DEE2114237D00ADC556 /* QZMineBottomCell.h */ = {isa = PBXFileReference; lastKnownFileType = sourcecode.c.h; path = QZMineBottomCell.h; sourceTree = "<group>"; };
		669F9DEF2114237D00ADC556 /* QZMineBottomCell.m */ = {isa = PBXFileReference; lastKnownFileType = sourcecode.c.objc; path = QZMineBottomCell.m; sourceTree = "<group>"; };
		669F9DF12114340F00ADC556 /* UITableView+emptyData.h */ = {isa = PBXFileReference; lastKnownFileType = sourcecode.c.h; path = "UITableView+emptyData.h"; sourceTree = "<group>"; };
		669F9DF22114340F00ADC556 /* UITableView+emptyData.m */ = {isa = PBXFileReference; lastKnownFileType = sourcecode.c.objc; path = "UITableView+emptyData.m"; sourceTree = "<group>"; };
		669F9DF4211447B100ADC556 /* QZJiZhangSettingCell.h */ = {isa = PBXFileReference; lastKnownFileType = sourcecode.c.h; path = QZJiZhangSettingCell.h; sourceTree = "<group>"; };
		669F9DF5211447B100ADC556 /* QZJiZhangSettingCell.m */ = {isa = PBXFileReference; lastKnownFileType = sourcecode.c.objc; path = QZJiZhangSettingCell.m; sourceTree = "<group>"; };
		669F9DF821145FC600ADC556 /* QZPickView.h */ = {isa = PBXFileReference; lastKnownFileType = sourcecode.c.h; path = QZPickView.h; sourceTree = "<group>"; };
		669F9DF921145FC600ADC556 /* QZPickView.m */ = {isa = PBXFileReference; lastKnownFileType = sourcecode.c.objc; path = QZPickView.m; sourceTree = "<group>"; };
		669F9E052117F96800ADC556 /* QZBillTopHead.h */ = {isa = PBXFileReference; lastKnownFileType = sourcecode.c.h; path = QZBillTopHead.h; sourceTree = "<group>"; };
		669F9E062117F96800ADC556 /* QZBillTopHead.m */ = {isa = PBXFileReference; lastKnownFileType = sourcecode.c.objc; path = QZBillTopHead.m; sourceTree = "<group>"; };
		669F9E4C2118359B00ADC556 /* QZBillBottomCell.h */ = {isa = PBXFileReference; lastKnownFileType = sourcecode.c.h; path = QZBillBottomCell.h; sourceTree = "<group>"; };
		669F9E4D2118359B00ADC556 /* QZBillBottomCell.m */ = {isa = PBXFileReference; lastKnownFileType = sourcecode.c.objc; path = QZBillBottomCell.m; sourceTree = "<group>"; };
		669F9E9B21185A1300ADC556 /* QZBillModel.h */ = {isa = PBXFileReference; lastKnownFileType = sourcecode.c.h; path = QZBillModel.h; sourceTree = "<group>"; };
		669F9E9C21185A1300ADC556 /* QZBillModel.m */ = {isa = PBXFileReference; lastKnownFileType = sourcecode.c.objc; path = QZBillModel.m; sourceTree = "<group>"; };
		66CD26A421104401000283AD /* jizhang.app */ = {isa = PBXFileReference; explicitFileType = wrapper.application; includeInIndex = 0; path = jizhang.app; sourceTree = BUILT_PRODUCTS_DIR; };
		66CD26A721104401000283AD /* AppDelegate.h */ = {isa = PBXFileReference; lastKnownFileType = sourcecode.c.h; path = AppDelegate.h; sourceTree = "<group>"; };
		66CD26A821104401000283AD /* AppDelegate.m */ = {isa = PBXFileReference; lastKnownFileType = sourcecode.c.objc; path = AppDelegate.m; sourceTree = "<group>"; };
		66CD26AE21104401000283AD /* Base */ = {isa = PBXFileReference; lastKnownFileType = file.storyboard; name = Base; path = Base.lproj/Main.storyboard; sourceTree = "<group>"; };
		66CD26B021104406000283AD /* Assets.xcassets */ = {isa = PBXFileReference; lastKnownFileType = folder.assetcatalog; path = Assets.xcassets; sourceTree = "<group>"; };
		66CD26B321104406000283AD /* Base */ = {isa = PBXFileReference; lastKnownFileType = file.storyboard; name = Base; path = Base.lproj/LaunchScreen.storyboard; sourceTree = "<group>"; };
		66CD26B521104406000283AD /* Info.plist */ = {isa = PBXFileReference; lastKnownFileType = text.plist.xml; path = Info.plist; sourceTree = "<group>"; };
		66CD26B621104406000283AD /* main.m */ = {isa = PBXFileReference; lastKnownFileType = sourcecode.c.objc; path = main.m; sourceTree = "<group>"; };
		66CD26BC21104406000283AD /* jizhangTests.xctest */ = {isa = PBXFileReference; explicitFileType = wrapper.cfbundle; includeInIndex = 0; path = jizhangTests.xctest; sourceTree = BUILT_PRODUCTS_DIR; };
		66CD26C021104406000283AD /* jizhangTests.m */ = {isa = PBXFileReference; lastKnownFileType = sourcecode.c.objc; path = jizhangTests.m; sourceTree = "<group>"; };
		66CD26C221104406000283AD /* Info.plist */ = {isa = PBXFileReference; lastKnownFileType = text.plist.xml; path = Info.plist; sourceTree = "<group>"; };
		66CD26C721104406000283AD /* jizhangUITests.xctest */ = {isa = PBXFileReference; explicitFileType = wrapper.cfbundle; includeInIndex = 0; path = jizhangUITests.xctest; sourceTree = BUILT_PRODUCTS_DIR; };
		66CD26CB21104406000283AD /* jizhangUITests.m */ = {isa = PBXFileReference; lastKnownFileType = sourcecode.c.objc; path = jizhangUITests.m; sourceTree = "<group>"; };
		66CD26CD21104406000283AD /* Info.plist */ = {isa = PBXFileReference; lastKnownFileType = text.plist.xml; path = Info.plist; sourceTree = "<group>"; };
		66CD26DF21104580000283AD /* MainTabBarViewController.h */ = {isa = PBXFileReference; lastKnownFileType = sourcecode.c.h; path = MainTabBarViewController.h; sourceTree = "<group>"; };
		66CD26E021104580000283AD /* MainTabBarViewController.m */ = {isa = PBXFileReference; lastKnownFileType = sourcecode.c.objc; path = MainTabBarViewController.m; sourceTree = "<group>"; };
		66CD26E2211048A3000283AD /* MainTabBar.h */ = {isa = PBXFileReference; lastKnownFileType = sourcecode.c.h; path = MainTabBar.h; sourceTree = "<group>"; };
		66CD26E3211048A3000283AD /* MainTabBar.m */ = {isa = PBXFileReference; lastKnownFileType = sourcecode.c.objc; path = MainTabBar.m; sourceTree = "<group>"; };
		66CD26E621104E52000283AD /* UIView+Extension.h */ = {isa = PBXFileReference; fileEncoding = 4; lastKnownFileType = sourcecode.c.h; path = "UIView+Extension.h"; sourceTree = "<group>"; };
		66CD26E721104E52000283AD /* UIView+Extension.m */ = {isa = PBXFileReference; fileEncoding = 4; lastKnownFileType = sourcecode.c.objc; path = "UIView+Extension.m"; sourceTree = "<group>"; };
		66CD26E921105444000283AD /* QZBillViewController.h */ = {isa = PBXFileReference; lastKnownFileType = sourcecode.c.h; path = QZBillViewController.h; sourceTree = "<group>"; };
		66CD26EA21105444000283AD /* QZBillViewController.m */ = {isa = PBXFileReference; lastKnownFileType = sourcecode.c.objc; path = QZBillViewController.m; sourceTree = "<group>"; };
		66CD26EC21105463000283AD /* QZChartViewController.h */ = {isa = PBXFileReference; lastKnownFileType = sourcecode.c.h; path = QZChartViewController.h; sourceTree = "<group>"; };
		66CD26ED21105463000283AD /* QZChartViewController.m */ = {isa = PBXFileReference; lastKnownFileType = sourcecode.c.objc; path = QZChartViewController.m; sourceTree = "<group>"; };
		66CD26EF21105575000283AD /* QZPublishViewController.h */ = {isa = PBXFileReference; lastKnownFileType = sourcecode.c.h; path = QZPublishViewController.h; sourceTree = "<group>"; };
		66CD26F021105575000283AD /* QZPublishViewController.m */ = {isa = PBXFileReference; lastKnownFileType = sourcecode.c.objc; path = QZPublishViewController.m; sourceTree = "<group>"; };
		66CD2733211069F9000283AD /* QZFlowViewController.h */ = {isa = PBXFileReference; lastKnownFileType = sourcecode.c.h; path = QZFlowViewController.h; sourceTree = "<group>"; };
		66CD2734211069F9000283AD /* QZFlowViewController.m */ = {isa = PBXFileReference; lastKnownFileType = sourcecode.c.objc; path = QZFlowViewController.m; sourceTree = "<group>"; };
		66CD273621106A07000283AD /* QZMineViewController.h */ = {isa = PBXFileReference; lastKnownFileType = sourcecode.c.h; path = QZMineViewController.h; sourceTree = "<group>"; };
		66CD273721106A07000283AD /* QZMineViewController.m */ = {isa = PBXFileReference; lastKnownFileType = sourcecode.c.objc; path = QZMineViewController.m; sourceTree = "<group>"; };
		66CD273921114682000283AD /* Macro.h */ = {isa = PBXFileReference; lastKnownFileType = sourcecode.c.h; path = Macro.h; sourceTree = "<group>"; };
		66CD273D21115F77000283AD /* QZBaseNavigationController.h */ = {isa = PBXFileReference; lastKnownFileType = sourcecode.c.h; path = QZBaseNavigationController.h; sourceTree = "<group>"; };
		66CD273E21115F77000283AD /* QZBaseNavigationController.m */ = {isa = PBXFileReference; lastKnownFileType = sourcecode.c.objc; path = QZBaseNavigationController.m; sourceTree = "<group>"; };
		66CD2741211160F4000283AD /* QZLoginViewController.h */ = {isa = PBXFileReference; lastKnownFileType = sourcecode.c.h; path = QZLoginViewController.h; sourceTree = "<group>"; };
		66CD2742211160F4000283AD /* QZLoginViewController.m */ = {isa = PBXFileReference; lastKnownFileType = sourcecode.c.objc; path = QZLoginViewController.m; sourceTree = "<group>"; };
		66CD274421116102000283AD /* QZRegisterViewController.h */ = {isa = PBXFileReference; lastKnownFileType = sourcecode.c.h; path = QZRegisterViewController.h; sourceTree = "<group>"; };
		66CD274521116102000283AD /* QZRegisterViewController.m */ = {isa = PBXFileReference; lastKnownFileType = sourcecode.c.objc; path = QZRegisterViewController.m; sourceTree = "<group>"; };
		7172D79740C51DA6E30F9708 /* Pods-jizhang.debug.xcconfig */ = {isa = PBXFileReference; includeInIndex = 1; lastKnownFileType = text.xcconfig; name = "Pods-jizhang.debug.xcconfig"; path = "Pods/Target Support Files/Pods-jizhang/Pods-jizhang.debug.xcconfig"; sourceTree = "<group>"; };
		8736DF4C2110AB81007A6AD5 /* QZBaseViewController.h */ = {isa = PBXFileReference; lastKnownFileType = sourcecode.c.h; path = QZBaseViewController.h; sourceTree = "<group>"; };
		8736DF4D2110AB81007A6AD5 /* QZBaseViewController.m */ = {isa = PBXFileReference; lastKnownFileType = sourcecode.c.objc; path = QZBaseViewController.m; sourceTree = "<group>"; };
		8736DF502110AC31007A6AD5 /* PrefixHeader.pch */ = {isa = PBXFileReference; lastKnownFileType = sourcecode.c.h; path = PrefixHeader.pch; sourceTree = "<group>"; };
		D9F9EB02A15C8068ACAB7F19 /* Pods-jizhang.release.xcconfig */ = {isa = PBXFileReference; includeInIndex = 1; lastKnownFileType = text.xcconfig; name = "Pods-jizhang.release.xcconfig"; path = "Pods/Target Support Files/Pods-jizhang/Pods-jizhang.release.xcconfig"; sourceTree = "<group>"; };
/* End PBXFileReference section */

/* Begin PBXFrameworksBuildPhase section */
		66CD26A121104401000283AD /* Frameworks */ = {
			isa = PBXFrameworksBuildPhase;
			buildActionMask = 2147483647;
			files = (
				5673CE08779EEB6F693863AD /* libPods-jizhang.a in Frameworks */,
			);
			runOnlyForDeploymentPostprocessing = 0;
		};
		66CD26B921104406000283AD /* Frameworks */ = {
			isa = PBXFrameworksBuildPhase;
			buildActionMask = 2147483647;
			files = (
			);
			runOnlyForDeploymentPostprocessing = 0;
		};
		66CD26C421104406000283AD /* Frameworks */ = {
			isa = PBXFrameworksBuildPhase;
			buildActionMask = 2147483647;
			files = (
			);
			runOnlyForDeploymentPostprocessing = 0;
		};
/* End PBXFrameworksBuildPhase section */

/* Begin PBXGroup section */
		4F481A882117EFE7009B701F /* View */ = {
			isa = PBXGroup;
			children = (
				4F481A8B2117F090009B701F /* QZChartView.h */,
				4F481A8C2117F090009B701F /* QZChartView.m */,
				4F481A962118158E009B701F /* QZNaviTopView.h */,
				4F481A972118158E009B701F /* QZNaviTopView.m */,
			);
			path = View;
			sourceTree = "<group>";
		};
		4F481A892117EFED009B701F /* Controller */ = {
			isa = PBXGroup;
			children = (
				66CD26EC21105463000283AD /* QZChartViewController.h */,
				66CD26ED21105463000283AD /* QZChartViewController.m */,
			);
			path = Controller;
			sourceTree = "<group>";
		};
		4F481A8A2117EFF5009B701F /* Model */ = {
			isa = PBXGroup;
			children = (
			);
			path = Model;
			sourceTree = "<group>";
		};
		4F481A9921182841009B701F /* View */ = {
			isa = PBXGroup;
			children = (
				4F481A9C21182A87009B701F /* QZAccountTableView.h */,
				4F481A9D21182A87009B701F /* QZAccountTableView.m */,
				4F481A9F21182E43009B701F /* QZAccountHeaderView.h */,
				4F481AA021182E43009B701F /* QZAccountHeaderView.m */,
			);
			path = View;
			sourceTree = "<group>";
		};
		4F481A9A2118284B009B701F /* Model */ = {
			isa = PBXGroup;
			children = (
			);
			path = Model;
			sourceTree = "<group>";
		};
		4F481A9B21182851009B701F /* Controller */ = {
			isa = PBXGroup;
			children = (
				66CD2733211069F9000283AD /* QZFlowViewController.h */,
				66CD2734211069F9000283AD /* QZFlowViewController.m */,
			);
			path = Controller;
			sourceTree = "<group>";
		};
		4F481AA221183DB0009B701F /* View */ = {
			isa = PBXGroup;
			children = (
				4F481AA521183E26009B701F /* QZPublishNaviTopView.h */,
				4F481AA621183E26009B701F /* QZPublishNaviTopView.m */,
				4F481AA821184FA4009B701F /* QZPublishInputView.h */,
				4F481AA921184FA4009B701F /* QZPublishInputView.m */,
				4F481AAB211855FE009B701F /* QZPublishInputCollectionCell.h */,
				4F481AAC211855FE009B701F /* QZPublishInputCollectionCell.m */,
			);
			path = View;
			sourceTree = "<group>";
		};
		4F481AA321183DB5009B701F /* Model */ = {
			isa = PBXGroup;
			children = (
			);
			path = Model;
			sourceTree = "<group>";
		};
		4F481AA421183DBB009B701F /* Controller */ = {
			isa = PBXGroup;
			children = (
				66CD26EF21105575000283AD /* QZPublishViewController.h */,
				66CD26F021105575000283AD /* QZPublishViewController.m */,
			);
			path = Controller;
			sourceTree = "<group>";
		};
		662F270E211871800059E09D /* Recovered References */ = {
			isa = PBXGroup;
			children = (
			);
			name = "Recovered References";
			sourceTree = "<group>";
		};
		662F270F2118719C0059E09D /* Tool */ = {
			isa = PBXGroup;
			children = (
				662F27102118719C0059E09D /* QZWidgetTool.h */,
				662F27112118719C0059E09D /* QZWidgetTool.m */,
			);
			path = Tool;
			sourceTree = "<group>";
		};
		662F271F211873CA0059E09D /* BaseNet */ = {
			isa = PBXGroup;
			children = (
				662F2720211873CA0059E09D /* BaseNetService.h */,
				662F2721211873CA0059E09D /* BaseNetService.m */,
			);
			path = BaseNet;
			sourceTree = "<group>";
		};
		669F9DA12112F15A00ADC556 /* View */ = {
			isa = PBXGroup;
			children = (
				669F9DF721145FA600ADC556 /* PickViews */,
				669F9DA22112F19700ADC556 /* QZMineTopHead.h */,
				669F9DA32112F19700ADC556 /* QZMineTopHead.m */,
				669F9DEE2114237D00ADC556 /* QZMineBottomCell.h */,
				669F9DEF2114237D00ADC556 /* QZMineBottomCell.m */,
				669F9DF4211447B100ADC556 /* QZJiZhangSettingCell.h */,
				669F9DF5211447B100ADC556 /* QZJiZhangSettingCell.m */,
			);
			path = View;
			sourceTree = "<group>";
		};
		669F9DA52112FDAD00ADC556 /* Controller */ = {
			isa = PBXGroup;
			children = (
				669F9DA62112FE3000ADC556 /* QZJiZhangSettingController.h */,
				669F9DA72112FE3000ADC556 /* QZJiZhangSettingController.m */,
				669F9DA92112FE4D00ADC556 /* QZYuSuanSettingController.h */,
				669F9DAA2112FE4D00ADC556 /* QZYuSuanSettingController.m */,
			);
			path = Controller;
			sourceTree = "<group>";
		};
		669F9DF721145FA600ADC556 /* PickViews */ = {
			isa = PBXGroup;
			children = (
				669F9DF821145FC600ADC556 /* QZPickView.h */,
				669F9DF921145FC600ADC556 /* QZPickView.m */,
			);
			path = PickViews;
			sourceTree = "<group>";
		};
		669F9E042117F93E00ADC556 /* View */ = {
			isa = PBXGroup;
			children = (
				669F9E052117F96800ADC556 /* QZBillTopHead.h */,
				669F9E062117F96800ADC556 /* QZBillTopHead.m */,
				669F9E4C2118359B00ADC556 /* QZBillBottomCell.h */,
				669F9E4D2118359B00ADC556 /* QZBillBottomCell.m */,
				662F272D2119732C0059E09D /* QZBillPickView.h */,
				662F272E2119732C0059E09D /* QZBillPickView.m */,
			);
			path = View;
			sourceTree = "<group>";
		};
		669F9E082118045600ADC556 /* Libs */ = {
			isa = PBXGroup;
			children = (
			);
			path = Libs;
			sourceTree = "<group>";
		};
		669F9E9A211859FC00ADC556 /* Model */ = {
			isa = PBXGroup;
			children = (
				669F9E9B21185A1300ADC556 /* QZBillModel.h */,
				669F9E9C21185A1300ADC556 /* QZBillModel.m */,
			);
			path = Model;
			sourceTree = "<group>";
		};
		66CD269B21104401000283AD = {
			isa = PBXGroup;
			children = (
				66CD26A621104401000283AD /* jizhang */,
				66CD26BF21104406000283AD /* jizhangTests */,
				66CD26CA21104406000283AD /* jizhangUITests */,
				66CD26A521104401000283AD /* Products */,
				72834770D2BFDA7F1046D5FD /* Pods */,
				A4E2F57DE130CEB7FA27EB57 /* Frameworks */,
				662F270E211871800059E09D /* Recovered References */,
			);
			sourceTree = "<group>";
		};
		66CD26A521104401000283AD /* Products */ = {
			isa = PBXGroup;
			children = (
				66CD26A421104401000283AD /* jizhang.app */,
				66CD26BC21104406000283AD /* jizhangTests.xctest */,
				66CD26C721104406000283AD /* jizhangUITests.xctest */,
			);
			name = Products;
			sourceTree = "<group>";
		};
		66CD26A621104401000283AD /* jizhang */ = {
			isa = PBXGroup;
			children = (
				66CD2740211160E3000283AD /* Login Regist */,
				8736DF4A2110AB3B007A6AD5 /* Base */,
				66CD26D9211044C4000283AD /* 账单 */,
				66CD26DB21104518000283AD /* 图表 */,
				66CD26DA21104518000283AD /* 发布 */,
				66CD26DD21104519000283AD /* 流水 */,
				66CD26DC21104519000283AD /* 我的 */,
				8736DF4F2110AC1F007A6AD5 /* Other Files */,
				66CD26A721104401000283AD /* AppDelegate.h */,
				66CD26A821104401000283AD /* AppDelegate.m */,
				66CD26AD21104401000283AD /* Main.storyboard */,
				66CD26B021104406000283AD /* Assets.xcassets */,
				66CD26B221104406000283AD /* LaunchScreen.storyboard */,
				66CD26B521104406000283AD /* Info.plist */,
				66CD26B621104406000283AD /* main.m */,
			);
			path = jizhang;
			sourceTree = "<group>";
		};
		66CD26BF21104406000283AD /* jizhangTests */ = {
			isa = PBXGroup;
			children = (
				66CD26C021104406000283AD /* jizhangTests.m */,
				66CD26C221104406000283AD /* Info.plist */,
			);
			path = jizhangTests;
			sourceTree = "<group>";
		};
		66CD26CA21104406000283AD /* jizhangUITests */ = {
			isa = PBXGroup;
			children = (
				66CD26CB21104406000283AD /* jizhangUITests.m */,
				66CD26CD21104406000283AD /* Info.plist */,
			);
			path = jizhangUITests;
			sourceTree = "<group>";
		};
		66CD26D9211044C4000283AD /* 账单 */ = {
			isa = PBXGroup;
			children = (
				669F9E9A211859FC00ADC556 /* Model */,
				669F9E042117F93E00ADC556 /* View */,
				66CD26E921105444000283AD /* QZBillViewController.h */,
				66CD26EA21105444000283AD /* QZBillViewController.m */,
			);
			path = "账单";
			sourceTree = "<group>";
		};
		66CD26DA21104518000283AD /* 发布 */ = {
			isa = PBXGroup;
			children = (
				4F481AA421183DBB009B701F /* Controller */,
				4F481AA321183DB5009B701F /* Model */,
				4F481AA221183DB0009B701F /* View */,
			);
			path = "发布";
			sourceTree = "<group>";
		};
		66CD26DB21104518000283AD /* 图表 */ = {
			isa = PBXGroup;
			children = (
				4F481A8A2117EFF5009B701F /* Model */,
				4F481A892117EFED009B701F /* Controller */,
				4F481A882117EFE7009B701F /* View */,
			);
			path = "图表";
			sourceTree = "<group>";
		};
		66CD26DC21104519000283AD /* 我的 */ = {
			isa = PBXGroup;
			children = (
				669F9DA12112F15A00ADC556 /* View */,
				669F9DA52112FDAD00ADC556 /* Controller */,
				66CD273621106A07000283AD /* QZMineViewController.h */,
				66CD273721106A07000283AD /* QZMineViewController.m */,
			);
			path = "我的";
			sourceTree = "<group>";
		};
		66CD26DD21104519000283AD /* 流水 */ = {
			isa = PBXGroup;
			children = (
				4F481A9B21182851009B701F /* Controller */,
				4F481A9A2118284B009B701F /* Model */,
				4F481A9921182841009B701F /* View */,
			);
			path = "流水";
			sourceTree = "<group>";
		};
		66CD26DE21104558000283AD /* MainTabBar */ = {
			isa = PBXGroup;
			children = (
				66CD26DF21104580000283AD /* MainTabBarViewController.h */,
				66CD26E021104580000283AD /* MainTabBarViewController.m */,
				66CD26E2211048A3000283AD /* MainTabBar.h */,
				66CD26E3211048A3000283AD /* MainTabBar.m */,
			);
			path = MainTabBar;
			sourceTree = "<group>";
		};
		66CD26E521104E41000283AD /* Category */ = {
			isa = PBXGroup;
			children = (
				662F272B21193F940059E09D /* NSObject+HUD.h */,
				662F272A21193F940059E09D /* NSObject+HUD.m */,
				662F272721193E550059E09D /* UIViewController+HUD.h */,
				662F272821193E5D0059E09D /* UIViewController+HUD.m */,
				4F481A8E2117F1EC009B701F /* UIColor+Extension.h */,
				4F481A8F2117F1EC009B701F /* UIColor+Extension.m */,
				66CD26E621104E52000283AD /* UIView+Extension.h */,
				66CD26E721104E52000283AD /* UIView+Extension.m */,
				669F9DF12114340F00ADC556 /* UITableView+emptyData.h */,
				669F9DF22114340F00ADC556 /* UITableView+emptyData.m */,
				668F3B112119AB4F009A9263 /* NSString+RegexCategory.h */,
				668F3B122119AB4F009A9263 /* NSString+RegexCategory.m */,
			);
			path = Category;
			sourceTree = "<group>";
		};
		66CD2740211160E3000283AD /* Login Regist */ = {
			isa = PBXGroup;
			children = (
				66CD2741211160F4000283AD /* QZLoginViewController.h */,
				66CD2742211160F4000283AD /* QZLoginViewController.m */,
				66CD274421116102000283AD /* QZRegisterViewController.h */,
				66CD274521116102000283AD /* QZRegisterViewController.m */,
			);
			path = "Login Regist";
			sourceTree = "<group>";
		};
		72834770D2BFDA7F1046D5FD /* Pods */ = {
			isa = PBXGroup;
			children = (
				7172D79740C51DA6E30F9708 /* Pods-jizhang.debug.xcconfig */,
				D9F9EB02A15C8068ACAB7F19 /* Pods-jizhang.release.xcconfig */,
			);
			name = Pods;
			sourceTree = "<group>";
		};
		8736DF4A2110AB3B007A6AD5 /* Base */ = {
			isa = PBXGroup;
			children = (
				662F271F211873CA0059E09D /* BaseNet */,
				662F270F2118719C0059E09D /* Tool */,
				8736DF4B2110AB6C007A6AD5 /* BaseVC */,
				66CD26E521104E41000283AD /* Category */,
				66CD26DE21104558000283AD /* MainTabBar */,
			);
			path = Base;
			sourceTree = "<group>";
		};
		8736DF4B2110AB6C007A6AD5 /* BaseVC */ = {
			isa = PBXGroup;
			children = (
				8736DF4C2110AB81007A6AD5 /* QZBaseViewController.h */,
				8736DF4D2110AB81007A6AD5 /* QZBaseViewController.m */,
				66CD273D21115F77000283AD /* QZBaseNavigationController.h */,
				66CD273E21115F77000283AD /* QZBaseNavigationController.m */,
			);
			path = BaseVC;
			sourceTree = "<group>";
		};
		8736DF4F2110AC1F007A6AD5 /* Other Files */ = {
			isa = PBXGroup;
			children = (
				669F9E082118045600ADC556 /* Libs */,
				8736DF502110AC31007A6AD5 /* PrefixHeader.pch */,
				66CD273921114682000283AD /* Macro.h */,
			);
			path = "Other Files";
			sourceTree = "<group>";
		};
		A4E2F57DE130CEB7FA27EB57 /* Frameworks */ = {
			isa = PBXGroup;
			children = (
				0E7EC982F881B5D8CF57FD4D /* libPods-jizhang.a */,
			);
			name = Frameworks;
			sourceTree = "<group>";
		};
/* End PBXGroup section */

/* Begin PBXNativeTarget section */
		66CD26A321104401000283AD /* jizhang */ = {
			isa = PBXNativeTarget;
			buildConfigurationList = 66CD26D021104406000283AD /* Build configuration list for PBXNativeTarget "jizhang" */;
			buildPhases = (
				57A3E4495F0ED24D3E492E1C /* [CP] Check Pods Manifest.lock */,
				66CD26A021104401000283AD /* Sources */,
				66CD26A121104401000283AD /* Frameworks */,
				66CD26A221104401000283AD /* Resources */,
				F023A240AF3B3276DF95862A /* [CP] Embed Pods Frameworks */,
				09CF231BE0DA70A762D0E147 /* [CP] Copy Pods Resources */,
			);
			buildRules = (
			);
			dependencies = (
			);
			name = jizhang;
			productName = jizhang;
			productReference = 66CD26A421104401000283AD /* jizhang.app */;
			productType = "com.apple.product-type.application";
		};
		66CD26BB21104406000283AD /* jizhangTests */ = {
			isa = PBXNativeTarget;
			buildConfigurationList = 66CD26D321104406000283AD /* Build configuration list for PBXNativeTarget "jizhangTests" */;
			buildPhases = (
				66CD26B821104406000283AD /* Sources */,
				66CD26B921104406000283AD /* Frameworks */,
				66CD26BA21104406000283AD /* Resources */,
			);
			buildRules = (
			);
			dependencies = (
				66CD26BE21104406000283AD /* PBXTargetDependency */,
			);
			name = jizhangTests;
			productName = jizhangTests;
			productReference = 66CD26BC21104406000283AD /* jizhangTests.xctest */;
			productType = "com.apple.product-type.bundle.unit-test";
		};
		66CD26C621104406000283AD /* jizhangUITests */ = {
			isa = PBXNativeTarget;
			buildConfigurationList = 66CD26D621104406000283AD /* Build configuration list for PBXNativeTarget "jizhangUITests" */;
			buildPhases = (
				66CD26C321104406000283AD /* Sources */,
				66CD26C421104406000283AD /* Frameworks */,
				66CD26C521104406000283AD /* Resources */,
			);
			buildRules = (
			);
			dependencies = (
				66CD26C921104406000283AD /* PBXTargetDependency */,
			);
			name = jizhangUITests;
			productName = jizhangUITests;
			productReference = 66CD26C721104406000283AD /* jizhangUITests.xctest */;
			productType = "com.apple.product-type.bundle.ui-testing";
		};
/* End PBXNativeTarget section */

/* Begin PBXProject section */
		66CD269C21104401000283AD /* Project object */ = {
			isa = PBXProject;
			attributes = {
				CLASSPREFIX = QZ;
				LastUpgradeCheck = 0930;
				ORGANIZATIONNAME = qzxq;
				TargetAttributes = {
					66CD26A321104401000283AD = {
						CreatedOnToolsVersion = 9.3;
						ProvisioningStyle = Automatic;
					};
					66CD26BB21104406000283AD = {
						CreatedOnToolsVersion = 9.3;
						ProvisioningStyle = Automatic;
						TestTargetID = 66CD26A321104401000283AD;
					};
					66CD26C621104406000283AD = {
						CreatedOnToolsVersion = 9.3;
						ProvisioningStyle = Automatic;
						TestTargetID = 66CD26A321104401000283AD;
					};
				};
			};
			buildConfigurationList = 66CD269F21104401000283AD /* Build configuration list for PBXProject "jizhang" */;
			compatibilityVersion = "Xcode 8.0";
			developmentRegion = en;
			hasScannedForEncodings = 0;
			knownRegions = (
				en,
				Base,
			);
			mainGroup = 66CD269B21104401000283AD;
			productRefGroup = 66CD26A521104401000283AD /* Products */;
			projectDirPath = "";
			projectRoot = "";
			targets = (
				66CD26A321104401000283AD /* jizhang */,
				66CD26BB21104406000283AD /* jizhangTests */,
				66CD26C621104406000283AD /* jizhangUITests */,
			);
		};
/* End PBXProject section */

/* Begin PBXResourcesBuildPhase section */
		66CD26A221104401000283AD /* Resources */ = {
			isa = PBXResourcesBuildPhase;
			buildActionMask = 2147483647;
			files = (
				66CD26B421104406000283AD /* LaunchScreen.storyboard in Resources */,
				66CD26B121104406000283AD /* Assets.xcassets in Resources */,
				66CD26AF21104401000283AD /* Main.storyboard in Resources */,
			);
			runOnlyForDeploymentPostprocessing = 0;
		};
		66CD26BA21104406000283AD /* Resources */ = {
			isa = PBXResourcesBuildPhase;
			buildActionMask = 2147483647;
			files = (
			);
			runOnlyForDeploymentPostprocessing = 0;
		};
		66CD26C521104406000283AD /* Resources */ = {
			isa = PBXResourcesBuildPhase;
			buildActionMask = 2147483647;
			files = (
			);
			runOnlyForDeploymentPostprocessing = 0;
		};
/* End PBXResourcesBuildPhase section */

/* Begin PBXShellScriptBuildPhase section */
		09CF231BE0DA70A762D0E147 /* [CP] Copy Pods Resources */ = {
			isa = PBXShellScriptBuildPhase;
			buildActionMask = 2147483647;
			files = (
			);
			inputPaths = (
			);
			name = "[CP] Copy Pods Resources";
			outputPaths = (
			);
			runOnlyForDeploymentPostprocessing = 0;
			shellPath = /bin/sh;
			shellScript = "\"${SRCROOT}/Pods/Target Support Files/Pods-jizhang/Pods-jizhang-resources.sh\"\n";
			showEnvVarsInLog = 0;
		};
		57A3E4495F0ED24D3E492E1C /* [CP] Check Pods Manifest.lock */ = {
			isa = PBXShellScriptBuildPhase;
			buildActionMask = 2147483647;
			files = (
			);
			inputPaths = (
			);
			name = "[CP] Check Pods Manifest.lock";
			outputPaths = (
			);
			runOnlyForDeploymentPostprocessing = 0;
			shellPath = /bin/sh;
			shellScript = "diff \"${PODS_PODFILE_DIR_PATH}/Podfile.lock\" \"${PODS_ROOT}/Manifest.lock\" > /dev/null\nif [ $? != 0 ] ; then\n    # print error to STDERR\n    echo \"error: The sandbox is not in sync with the Podfile.lock. Run 'pod install' or update your CocoaPods installation.\" >&2\n    exit 1\nfi\n";
			showEnvVarsInLog = 0;
		};
		F023A240AF3B3276DF95862A /* [CP] Embed Pods Frameworks */ = {
			isa = PBXShellScriptBuildPhase;
			buildActionMask = 2147483647;
			files = (
			);
			inputPaths = (
			);
			name = "[CP] Embed Pods Frameworks";
			outputPaths = (
			);
			runOnlyForDeploymentPostprocessing = 0;
			shellPath = /bin/sh;
			shellScript = "\"${SRCROOT}/Pods/Target Support Files/Pods-jizhang/Pods-jizhang-frameworks.sh\"\n";
			showEnvVarsInLog = 0;
		};
/* End PBXShellScriptBuildPhase section */

/* Begin PBXSourcesBuildPhase section */
		66CD26A021104401000283AD /* Sources */ = {
			isa = PBXSourcesBuildPhase;
			buildActionMask = 2147483647;
			files = (
				662F2723211932A20059E09D /* QZChartView.h in Sources */,
				662F2724211932A20059E09D /* QZChartView.m in Sources */,
				662F2725211932A20059E09D /* QZNaviTopView.h in Sources */,
				662F272C21193F950059E09D /* NSObject+HUD.m in Sources */,
				662F2726211932A20059E09D /* QZNaviTopView.m in Sources */,
				66CD274621116102000283AD /* QZRegisterViewController.m in Sources */,
				4F481AAD211855FE009B701F /* QZPublishInputCollectionCell.m in Sources */,
				4F481AAA21184FA4009B701F /* QZPublishInputView.m in Sources */,
				66CD26F121105575000283AD /* QZPublishViewController.m in Sources */,
				66CD26E821104E52000283AD /* UIView+Extension.m in Sources */,
				4F481A9E21182A87009B701F /* QZAccountTableView.m in Sources */,
				66CD273821106A07000283AD /* QZMineViewController.m in Sources */,
				662F272F2119732C0059E09D /* QZBillPickView.m in Sources */,
				669F9DAB2112FE4D00ADC556 /* QZYuSuanSettingController.m in Sources */,
				4F481AA721183E26009B701F /* QZPublishNaviTopView.m in Sources */,
				4F481A902117F1EC009B701F /* UIColor+Extension.m in Sources */,
				669F9DF6211447B100ADC556 /* QZJiZhangSettingCell.m in Sources */,
				8736DF4E2110AB81007A6AD5 /* QZBaseViewController.m in Sources */,
				66CD2735211069FA000283AD /* QZFlowViewController.m in Sources */,
				66CD26E121104580000283AD /* MainTabBarViewController.m in Sources */,
				4F481AA121182E43009B701F /* QZAccountHeaderView.m in Sources */,
				669F9DF02114237D00ADC556 /* QZMineBottomCell.m in Sources */,
				66CD26B721104406000283AD /* main.m in Sources */,
				66CD26EB21105444000283AD /* QZBillViewController.m in Sources */,
				662F2722211873CA0059E09D /* BaseNetService.m in Sources */,
				669F9DA42112F19700ADC556 /* QZMineTopHead.m in Sources */,
				669F9E072117F96800ADC556 /* QZBillTopHead.m in Sources */,
				66CD2743211160F4000283AD /* QZLoginViewController.m in Sources */,
				66CD26E4211048A3000283AD /* MainTabBar.m in Sources */,
				669F9E4E2118359B00ADC556 /* QZBillBottomCell.m in Sources */,
				66CD273F21115F77000283AD /* QZBaseNavigationController.m in Sources */,
				669F9DF32114340F00ADC556 /* UITableView+emptyData.m in Sources */,
				66CD26EE21105463000283AD /* QZChartViewController.m in Sources */,
				662F272921193E5D0059E09D /* UIViewController+HUD.m in Sources */,
				662F27122118719C0059E09D /* QZWidgetTool.m in Sources */,
				669F9DFA21145FC600ADC556 /* QZPickView.m in Sources */,
				669F9E9D21185A1300ADC556 /* QZBillModel.m in Sources */,
				66CD26A921104401000283AD /* AppDelegate.m in Sources */,
				669F9DA82112FE3000ADC556 /* QZJiZhangSettingController.m in Sources */,
				668F3B132119AB4F009A9263 /* NSString+RegexCategory.m in Sources */,
			);
			runOnlyForDeploymentPostprocessing = 0;
		};
		66CD26B821104406000283AD /* Sources */ = {
			isa = PBXSourcesBuildPhase;
			buildActionMask = 2147483647;
			files = (
				66CD26C121104406000283AD /* jizhangTests.m in Sources */,
			);
			runOnlyForDeploymentPostprocessing = 0;
		};
		66CD26C321104406000283AD /* Sources */ = {
			isa = PBXSourcesBuildPhase;
			buildActionMask = 2147483647;
			files = (
				66CD26CC21104406000283AD /* jizhangUITests.m in Sources */,
			);
			runOnlyForDeploymentPostprocessing = 0;
		};
/* End PBXSourcesBuildPhase section */

/* Begin PBXTargetDependency section */
		66CD26BE21104406000283AD /* PBXTargetDependency */ = {
			isa = PBXTargetDependency;
			target = 66CD26A321104401000283AD /* jizhang */;
			targetProxy = 66CD26BD21104406000283AD /* PBXContainerItemProxy */;
		};
		66CD26C921104406000283AD /* PBXTargetDependency */ = {
			isa = PBXTargetDependency;
			target = 66CD26A321104401000283AD /* jizhang */;
			targetProxy = 66CD26C821104406000283AD /* PBXContainerItemProxy */;
		};
/* End PBXTargetDependency section */

/* Begin PBXVariantGroup section */
		66CD26AD21104401000283AD /* Main.storyboard */ = {
			isa = PBXVariantGroup;
			children = (
				66CD26AE21104401000283AD /* Base */,
			);
			name = Main.storyboard;
			sourceTree = "<group>";
		};
		66CD26B221104406000283AD /* LaunchScreen.storyboard */ = {
			isa = PBXVariantGroup;
			children = (
				66CD26B321104406000283AD /* Base */,
			);
			name = LaunchScreen.storyboard;
			sourceTree = "<group>";
		};
/* End PBXVariantGroup section */

/* Begin XCBuildConfiguration section */
		66CD26CE21104406000283AD /* Debug */ = {
			isa = XCBuildConfiguration;
			buildSettings = {
				ALWAYS_SEARCH_USER_PATHS = NO;
				CLANG_ANALYZER_NONNULL = YES;
				CLANG_ANALYZER_NUMBER_OBJECT_CONVERSION = YES_AGGRESSIVE;
				CLANG_CXX_LANGUAGE_STANDARD = "gnu++14";
				CLANG_CXX_LIBRARY = "libc++";
				CLANG_ENABLE_MODULES = YES;
				CLANG_ENABLE_OBJC_ARC = YES;
				CLANG_ENABLE_OBJC_WEAK = YES;
				CLANG_WARN_BLOCK_CAPTURE_AUTORELEASING = YES;
				CLANG_WARN_BOOL_CONVERSION = YES;
				CLANG_WARN_COMMA = YES;
				CLANG_WARN_CONSTANT_CONVERSION = YES;
				CLANG_WARN_DEPRECATED_OBJC_IMPLEMENTATIONS = YES;
				CLANG_WARN_DIRECT_OBJC_ISA_USAGE = YES_ERROR;
				CLANG_WARN_DOCUMENTATION_COMMENTS = YES;
				CLANG_WARN_EMPTY_BODY = YES;
				CLANG_WARN_ENUM_CONVERSION = YES;
				CLANG_WARN_INFINITE_RECURSION = YES;
				CLANG_WARN_INT_CONVERSION = YES;
				CLANG_WARN_NON_LITERAL_NULL_CONVERSION = YES;
				CLANG_WARN_OBJC_IMPLICIT_RETAIN_SELF = YES;
				CLANG_WARN_OBJC_LITERAL_CONVERSION = YES;
				CLANG_WARN_OBJC_ROOT_CLASS = YES_ERROR;
				CLANG_WARN_RANGE_LOOP_ANALYSIS = YES;
				CLANG_WARN_STRICT_PROTOTYPES = YES;
				CLANG_WARN_SUSPICIOUS_MOVE = YES;
				CLANG_WARN_UNGUARDED_AVAILABILITY = YES_AGGRESSIVE;
				CLANG_WARN_UNREACHABLE_CODE = YES;
				CLANG_WARN__DUPLICATE_METHOD_MATCH = YES;
				CODE_SIGN_IDENTITY = "iPhone Developer";
				COPY_PHASE_STRIP = NO;
				DEBUG_INFORMATION_FORMAT = dwarf;
				ENABLE_STRICT_OBJC_MSGSEND = YES;
				ENABLE_TESTABILITY = YES;
				GCC_C_LANGUAGE_STANDARD = gnu11;
				GCC_DYNAMIC_NO_PIC = NO;
				GCC_NO_COMMON_BLOCKS = YES;
				GCC_OPTIMIZATION_LEVEL = 0;
				GCC_PREPROCESSOR_DEFINITIONS = (
					"DEBUG=1",
					"$(inherited)",
				);
				GCC_WARN_64_TO_32_BIT_CONVERSION = YES;
				GCC_WARN_ABOUT_RETURN_TYPE = YES_ERROR;
				GCC_WARN_UNDECLARED_SELECTOR = YES;
				GCC_WARN_UNINITIALIZED_AUTOS = YES_AGGRESSIVE;
				GCC_WARN_UNUSED_FUNCTION = YES;
				GCC_WARN_UNUSED_VARIABLE = YES;
				IPHONEOS_DEPLOYMENT_TARGET = 11.3;
				MTL_ENABLE_DEBUG_INFO = YES;
				ONLY_ACTIVE_ARCH = YES;
				SDKROOT = iphoneos;
			};
			name = Debug;
		};
		66CD26CF21104406000283AD /* Release */ = {
			isa = XCBuildConfiguration;
			buildSettings = {
				ALWAYS_SEARCH_USER_PATHS = NO;
				CLANG_ANALYZER_NONNULL = YES;
				CLANG_ANALYZER_NUMBER_OBJECT_CONVERSION = YES_AGGRESSIVE;
				CLANG_CXX_LANGUAGE_STANDARD = "gnu++14";
				CLANG_CXX_LIBRARY = "libc++";
				CLANG_ENABLE_MODULES = YES;
				CLANG_ENABLE_OBJC_ARC = YES;
				CLANG_ENABLE_OBJC_WEAK = YES;
				CLANG_WARN_BLOCK_CAPTURE_AUTORELEASING = YES;
				CLANG_WARN_BOOL_CONVERSION = YES;
				CLANG_WARN_COMMA = YES;
				CLANG_WARN_CONSTANT_CONVERSION = YES;
				CLANG_WARN_DEPRECATED_OBJC_IMPLEMENTATIONS = YES;
				CLANG_WARN_DIRECT_OBJC_ISA_USAGE = YES_ERROR;
				CLANG_WARN_DOCUMENTATION_COMMENTS = YES;
				CLANG_WARN_EMPTY_BODY = YES;
				CLANG_WARN_ENUM_CONVERSION = YES;
				CLANG_WARN_INFINITE_RECURSION = YES;
				CLANG_WARN_INT_CONVERSION = YES;
				CLANG_WARN_NON_LITERAL_NULL_CONVERSION = YES;
				CLANG_WARN_OBJC_IMPLICIT_RETAIN_SELF = YES;
				CLANG_WARN_OBJC_LITERAL_CONVERSION = YES;
				CLANG_WARN_OBJC_ROOT_CLASS = YES_ERROR;
				CLANG_WARN_RANGE_LOOP_ANALYSIS = YES;
				CLANG_WARN_STRICT_PROTOTYPES = YES;
				CLANG_WARN_SUSPICIOUS_MOVE = YES;
				CLANG_WARN_UNGUARDED_AVAILABILITY = YES_AGGRESSIVE;
				CLANG_WARN_UNREACHABLE_CODE = YES;
				CLANG_WARN__DUPLICATE_METHOD_MATCH = YES;
				CODE_SIGN_IDENTITY = "iPhone Developer";
				COPY_PHASE_STRIP = NO;
				DEBUG_INFORMATION_FORMAT = "dwarf-with-dsym";
				ENABLE_NS_ASSERTIONS = NO;
				ENABLE_STRICT_OBJC_MSGSEND = YES;
				GCC_C_LANGUAGE_STANDARD = gnu11;
				GCC_NO_COMMON_BLOCKS = YES;
				GCC_WARN_64_TO_32_BIT_CONVERSION = YES;
				GCC_WARN_ABOUT_RETURN_TYPE = YES_ERROR;
				GCC_WARN_UNDECLARED_SELECTOR = YES;
				GCC_WARN_UNINITIALIZED_AUTOS = YES_AGGRESSIVE;
				GCC_WARN_UNUSED_FUNCTION = YES;
				GCC_WARN_UNUSED_VARIABLE = YES;
				IPHONEOS_DEPLOYMENT_TARGET = 11.3;
				MTL_ENABLE_DEBUG_INFO = NO;
				SDKROOT = iphoneos;
				VALIDATE_PRODUCT = YES;
			};
			name = Release;
		};
		66CD26D121104406000283AD /* Debug */ = {
			isa = XCBuildConfiguration;
			baseConfigurationReference = 7172D79740C51DA6E30F9708 /* Pods-jizhang.debug.xcconfig */;
			buildSettings = {
				ASSETCATALOG_COMPILER_APPICON_NAME = AppIcon;
				CODE_SIGN_STYLE = Automatic;
				DEVELOPMENT_TEAM = P98QFX6DCD;
				GCC_PREFIX_HEADER = "$(SRCROOT)/jizhang/Other Files/PrefixHeader.pch";
				INFOPLIST_FILE = jizhang/Info.plist;
				IPHONEOS_DEPLOYMENT_TARGET = 8.0;
				LD_RUNPATH_SEARCH_PATHS = "$(inherited) @executable_path/Frameworks";
				PRODUCT_BUNDLE_IDENTIFIER = com.qzi.meiCFL;
				PRODUCT_NAME = "$(TARGET_NAME)";
				TARGETED_DEVICE_FAMILY = "1,2";
			};
			name = Debug;
		};
		66CD26D221104406000283AD /* Release */ = {
			isa = XCBuildConfiguration;
			baseConfigurationReference = D9F9EB02A15C8068ACAB7F19 /* Pods-jizhang.release.xcconfig */;
			buildSettings = {
				ASSETCATALOG_COMPILER_APPICON_NAME = AppIcon;
				CODE_SIGN_STYLE = Automatic;
				DEVELOPMENT_TEAM = P98QFX6DCD;
				GCC_PREFIX_HEADER = "$(SRCROOT)/jizhang/Other Files/PrefixHeader.pch";
				INFOPLIST_FILE = jizhang/Info.plist;
				IPHONEOS_DEPLOYMENT_TARGET = 8.0;
				LD_RUNPATH_SEARCH_PATHS = "$(inherited) @executable_path/Frameworks";
				PRODUCT_BUNDLE_IDENTIFIER = com.qzi.meiCFL;
				PRODUCT_NAME = "$(TARGET_NAME)";
				TARGETED_DEVICE_FAMILY = "1,2";
			};
			name = Release;
		};
		66CD26D421104406000283AD /* Debug */ = {
			isa = XCBuildConfiguration;
			buildSettings = {
				BUNDLE_LOADER = "$(TEST_HOST)";
				CODE_SIGN_STYLE = Automatic;
				INFOPLIST_FILE = jizhangTests/Info.plist;
				LD_RUNPATH_SEARCH_PATHS = "$(inherited) @executable_path/Frameworks @loader_path/Frameworks";
				PRODUCT_BUNDLE_IDENTIFIER = com.qzxq.jizhangTests;
				PRODUCT_NAME = "$(TARGET_NAME)";
				TARGETED_DEVICE_FAMILY = "1,2";
				TEST_HOST = "$(BUILT_PRODUCTS_DIR)/jizhang.app/jizhang";
			};
			name = Debug;
		};
		66CD26D521104406000283AD /* Release */ = {
			isa = XCBuildConfiguration;
			buildSettings = {
				BUNDLE_LOADER = "$(TEST_HOST)";
				CODE_SIGN_STYLE = Automatic;
				INFOPLIST_FILE = jizhangTests/Info.plist;
				LD_RUNPATH_SEARCH_PATHS = "$(inherited) @executable_path/Frameworks @loader_path/Frameworks";
				PRODUCT_BUNDLE_IDENTIFIER = com.qzxq.jizhangTests;
				PRODUCT_NAME = "$(TARGET_NAME)";
				TARGETED_DEVICE_FAMILY = "1,2";
				TEST_HOST = "$(BUILT_PRODUCTS_DIR)/jizhang.app/jizhang";
			};
			name = Release;
		};
		66CD26D721104406000283AD /* Debug */ = {
			isa = XCBuildConfiguration;
			buildSettings = {
				CODE_SIGN_STYLE = Automatic;
				INFOPLIST_FILE = jizhangUITests/Info.plist;
				LD_RUNPATH_SEARCH_PATHS = "$(inherited) @executable_path/Frameworks @loader_path/Frameworks";
				PRODUCT_BUNDLE_IDENTIFIER = com.qzxq.jizhangUITests;
				PRODUCT_NAME = "$(TARGET_NAME)";
				TARGETED_DEVICE_FAMILY = "1,2";
				TEST_TARGET_NAME = jizhang;
			};
			name = Debug;
		};
		66CD26D821104406000283AD /* Release */ = {
			isa = XCBuildConfiguration;
			buildSettings = {
				CODE_SIGN_STYLE = Automatic;
				INFOPLIST_FILE = jizhangUITests/Info.plist;
				LD_RUNPATH_SEARCH_PATHS = "$(inherited) @executable_path/Frameworks @loader_path/Frameworks";
				PRODUCT_BUNDLE_IDENTIFIER = com.qzxq.jizhangUITests;
				PRODUCT_NAME = "$(TARGET_NAME)";
				TARGETED_DEVICE_FAMILY = "1,2";
				TEST_TARGET_NAME = jizhang;
			};
			name = Release;
		};
/* End XCBuildConfiguration section */

/* Begin XCConfigurationList section */
		66CD269F21104401000283AD /* Build configuration list for PBXProject "jizhang" */ = {
			isa = XCConfigurationList;
			buildConfigurations = (
				66CD26CE21104406000283AD /* Debug */,
				66CD26CF21104406000283AD /* Release */,
			);
			defaultConfigurationIsVisible = 0;
			defaultConfigurationName = Release;
		};
		66CD26D021104406000283AD /* Build configuration list for PBXNativeTarget "jizhang" */ = {
			isa = XCConfigurationList;
			buildConfigurations = (
				66CD26D121104406000283AD /* Debug */,
				66CD26D221104406000283AD /* Release */,
			);
			defaultConfigurationIsVisible = 0;
			defaultConfigurationName = Release;
		};
		66CD26D321104406000283AD /* Build configuration list for PBXNativeTarget "jizhangTests" */ = {
			isa = XCConfigurationList;
			buildConfigurations = (
				66CD26D421104406000283AD /* Debug */,
				66CD26D521104406000283AD /* Release */,
			);
			defaultConfigurationIsVisible = 0;
			defaultConfigurationName = Release;
		};
		66CD26D621104406000283AD /* Build configuration list for PBXNativeTarget "jizhangUITests" */ = {
			isa = XCConfigurationList;
			buildConfigurations = (
				66CD26D721104406000283AD /* Debug */,
				66CD26D821104406000283AD /* Release */,
			);
			defaultConfigurationIsVisible = 0;
			defaultConfigurationName = Release;
		};
/* End XCConfigurationList section */
	};
	rootObject = 66CD269C21104401000283AD /* Project object */;
}
